{
  "nodes": {
    "dirt-samples-src": {
      "flake": false,
      "locked": {
        "lastModified": 1698439458,
        "narHash": "sha256-Mp8qBpsOvW9Zguv95Kv7EU6S3ICaF2aO02Wz6xGURtE=",
        "owner": "tidalcycles",
        "repo": "dirt-samples",
        "rev": "9a6dff8f9ec3cd55b287290cf04e01afa6b8f532",
        "type": "github"
      },
      "original": {
        "owner": "tidalcycles",
        "repo": "dirt-samples",
        "type": "github"
      }
    },
    "flake-compat": {
      "flake": false,
      "locked": {
        "lastModified": 1767039857,
        "narHash": "sha256-vNpUSpF5Nuw8xvDLj2KCwwksIbjua2LZCqhV1LNRDns=",
        "owner": "NixOS",
        "repo": "flake-compat",
        "rev": "5edf11c44bc78a0d334f6334cdaf7d60d732daab",
        "type": "github"
      },
      "original": {
        "owner": "NixOS",
        "repo": "flake-compat",
        "type": "github"
      }
    },
    "git-hooks": {
      "inputs": {
        "flake-compat": "flake-compat",
        "gitignore": "gitignore",
        "nixpkgs": "nixpkgs"
      },
      "locked": {
        "lastModified": 1770726378,
        "narHash": "sha256-kck+vIbGOaM/dHea7aTBxdFYpeUl/jHOy5W3eyRvVx8=",
        "owner": "cachix",
        "repo": "git-hooks.nix",
        "rev": "5eaaedde414f6eb1aea8b8525c466dc37bba95ae",
        "type": "github"
      },
      "original": {
        "owner": "cachix",
        "repo": "git-hooks.nix",
        "type": "github"
      }
    },
    "gitignore": {
      "inputs": {
        "nixpkgs": [
          "git-hooks",
          "nixpkgs"
        ]
      },
      "locked": {
        "lastModified": 1709087332,
        "narHash": "sha256-HG2cCnktfHsKV0s4XW83gU3F57gaTljL9KNSuG6bnQs=",
        "owner": "hercules-ci",
        "repo": "gitignore.nix",
        "rev": "637db329424fd7e46cf4185293b9cc8c88c95394",
        "type": "github"
      },
      "original": {
        "owner": "hercules-ci",
        "repo": "gitignore.nix",
        "type": "github"
      }
    },
    "home-manager": {
      "inputs": {
        "nixpkgs": [
          "nixpkgs"
        ]
      },
      "locked": {
        "lastModified": 1771188132,
        "narHash": "sha256-qLXxN/tPrZtnekaLBQuVtxQfvqqs5cT5WbyH4zZaTGI=",
        "owner": "nix-community",
        "repo": "home-manager",
        "rev": "ae8003d8b61d0d373e7ca3da1a48f9c870d15df9",
        "type": "github"
      },
      "original": {
        "owner": "nix-community",
        "repo": "home-manager",
        "type": "github"
      }
    },
    "manatan": {
      "inputs": {
        "nixpkgs": "nixpkgs_2"
      },
      "locked": {
        "lastModified": 1774314120,
        "narHash": "sha256-SPp70/AxkEbI4Zlw3c8CtQClkYxIL6MtO1PcB4ZBqKI=",
        "owner": "GKHWB",
        "repo": "Manatan-Flake",
        "rev": "f73c81b4535138ae99f4e908f4eac5bf58179c23",
        "type": "github"
      },
      "original": {
        "owner": "GKHWB",
        "repo": "Manatan-Flake",
        "type": "github"
      }
    },
    "nixpkgs": {
      "locked": {
        "lastModified": 1770073757,
        "narHash": "sha256-Vy+G+F+3E/Tl+GMNgiHl9Pah2DgShmIUBJXmbiQPHbI=",
        "owner": "NixOS",
        "repo": "nixpkgs",
        "rev": "47472570b1e607482890801aeaf29bfb749884f6",
        "type": "github"
      },
      "original": {
        "owner": "NixOS",
        "ref": "nixpkgs-unstable",
        "repo": "nixpkgs",
        "type": "github"
      }
    },
    "nixpkgs-stable": {
      "locked": {
        "lastModified": 1771043024,
        "narHash": "sha256-O1XDr7EWbRp+kHrNNgLWgIrB0/US5wvw9K6RERWAj6I=",
        "owner": "nixos",
        "repo": "nixpkgs",
        "rev": "3aadb7ca9eac2891d52a9dec199d9580a6e2bf44",
        "type": "github"
      },
      "original": {
        "owner": "nixos",
        "ref": "nixos-25.11",
        "repo": "nixpkgs",
        "type": "github"
      }
    },
    "nixpkgs-stable-2411": {
      "locked": {
        "lastModified": 1751274312,
        "narHash": "sha256-/bVBlRpECLVzjV19t5KMdMFWSwKLtb5RyXdjz3LJT+g=",
        "owner": "nixos",
        "repo": "nixpkgs",
        "rev": "50ab793786d9de88ee30ec4e4c24fb4236fc2674",
        "type": "github"
      },
      "original": {
        "owner": "nixos",
        "ref": "nixos-24.11",
        "repo": "nixpkgs",
        "type": "github"
      }
    },
    "nixpkgs_2": {
      "locked": {
        "lastModified": 1772542754,
        "narHash": "sha256-WGV2hy+VIeQsYXpsLjdr4GvHv5eECMISX1zKLTedhdg=",
        "owner": "nixos",
        "repo": "nixpkgs",
        "rev": "8c809a146a140c5c8806f13399592dbcb1bb5dc4",
        "type": "github"
      },
      "original": {
        "owner": "nixos",
        "ref": "nixos-unstable",
        "repo": "nixpkgs",
        "type": "github"
      }
    },
    "nixpkgs_3": {
      "locked": {
        "lastModified": 1771008912,
        "narHash": "sha256-gf2AmWVTs8lEq7z/3ZAsgnZDhWIckkb+ZnAo5RzSxJg=",
        "owner": "nixos",
        "repo": "nixpkgs",
        "rev": "a82ccc39b39b621151d6732718e3e250109076fa",
        "type": "github"
      },
      "original": {
        "owner": "nixos",
        "ref": "nixos-unstable",
        "repo": "nixpkgs",
        "type": "github"
      }
    },
    "nixpkgs_4": {
      "locked": {
        "lastModified": 1771008912,
        "narHash": "sha256-gf2AmWVTs8lEq7z/3ZAsgnZDhWIckkb+ZnAo5RzSxJg=",
        "owner": "NixOS",
        "repo": "nixpkgs",
        "rev": "a82ccc39b39b621151d6732718e3e250109076fa",
        "type": "github"
      },
      "original": {
        "owner": "NixOS",
        "ref": "nixos-unstable",
        "repo": "nixpkgs",
        "type": "github"
      }
    },
    "nixpkgs_5": {
      "locked": {
        "lastModified": 1770197578,
        "narHash": "sha256-AYqlWrX09+HvGs8zM6ebZ1pwUqjkfpnv8mewYwAo+iM=",
        "owner": "NixOS",
        "repo": "nixpkgs",
        "rev": "00c21e4c93d963c50d4c0c89bfa84ed6e0694df2",
        "type": "github"
      },
      "original": {
        "owner": "NixOS",
        "ref": "nixos-unstable",
        "repo": "nixpkgs",
        "type": "github"
      }
    },
    "nixpkgs_6": {
      "locked": {
        "lastModified": 1722813957,
        "narHash": "sha256-IAoYyYnED7P8zrBFMnmp7ydaJfwTnwcnqxUElC1I26Y=",
        "owner": "nixos",
        "repo": "nixpkgs",
        "rev": "cb9a96f23c491c081b38eab96d22fa958043c9fa",
        "type": "github"
      },
      "original": {
        "owner": "nixos",
        "ref": "nixos-unstable",
        "repo": "nixpkgs",
        "type": "github"
      }
    },
    "quickshell": {
      "inputs": {
        "nixpkgs": [
          "nixpkgs"
        ]
      },
      "locked": {
        "lastModified": 1770693276,
        "narHash": "sha256-ngXnN5YXu+f45+QGYNN/VEBMQmcBCYGRCqwaK8cxY1s=",
        "ref": "refs/heads/master",
        "rev": "dacfa9de829ac7cb173825f593236bf2c21f637e",
        "revCount": 735,
        "type": "git",
        "url": "https://git.outfoxxed.me/outfoxxed/quickshell"
      },
      "original": {
        "type": "git",
        "url": "https://git.outfoxxed.me/outfoxxed/quickshell"
      }
    },
    "root": {
      "inputs": {
        "git-hooks": "git-hooks",
        "home-manager": "home-manager",
        "manatan": "manatan",
        "nixpkgs": "nixpkgs_3",
        "nixpkgs-stable": "nixpkgs-stable",
        "nixpkgs-stable-2411": "nixpkgs-stable-2411",
        "quickshell": "quickshell",
        "sdl_shadercross": "sdl_shadercross",
        "spicetify-nix": "spicetify-nix",
        "tidal-overlay": "tidal-overlay"
      }
    },
    "sdl_shadercross": {
      "inputs": {
        "nixpkgs": "nixpkgs_4"
      },
      "locked": {
        "path": "./flakes/shadercross/",
        "type": "path"
      },
      "original": {
        "path": "./flakes/shadercross/",
        "type": "path"
      },
      "parent": []
    },
    "spicetify-nix": {
      "inputs": {
        "nixpkgs": "nixpkgs_5",
        "systems": "systems"
      },
      "locked": {
        "lastModified": 1771250419,
        "narHash": "sha256-y62XsUspHUTEItHv9fMwYHg8dvi50qG52MfsnYzmOAg=",
        "owner": "Gerg-L",
        "repo": "spicetify-nix",
        "rev": "c3001380de3a95ea6351f9b68bd55efdf09dd237",
        "type": "github"
      },
      "original": {
        "owner": "Gerg-L",
        "repo": "spicetify-nix",
        "type": "github"
      }
    },
    "superdirt-src": {
      "flake": false,
      "locked": {
        "lastModified": 1697377840,
        "narHash": "sha256-9qU9CHYAXbN1IE3xXDqGipuroifVaSVXj3c/cDfwM80=",
        "owner": "musikinformatik",
        "repo": "superdirt",
        "rev": "c7f32998572984705d340e7c1b9ed9ad998a39b6",
        "type": "github"
      },
      "original": {
        "owner": "musikinformatik",
        "repo": "superdirt",
        "type": "github"
      }
    },
    "systems": {
      "locked": {
        "lastModified": 1681028828,
        "narHash": "sha256-Vy1rq5AaRuLzOxct8nz4T6wlgyUR7zLU309k9mBC768=",
        "owner": "nix-systems",
        "repo": "default",
        "rev": "da67096a3b9bf56a91d16901293e51ba5b49a27e",
        "type": "github"
      },
      "original": {
        "owner": "nix-systems",
        "repo": "default",
        "type": "github"
      }
    },
    "tidal-overlay": {
      "inputs": {
        "dirt-samples-src": "dirt-samples-src",
        "nixpkgs": "nixpkgs_6",
        "superdirt-src": "superdirt-src",
        "tidal-src": "tidal-src",
        "vim-tidal-src": "vim-tidal-src",
        "vowel-src": "vowel-src"
      },
      "locked": {
        "lastModified": 1730626669,
        "narHash": "sha256-nFyZrvTPn9OM9UZmuAwy3e1Ba0ZuYc2FaDCOOhGtqg4=",
        "owner": "mitchmindtree",
        "repo": "tidalcycles.nix",
        "rev": "0db0918e7a3d3c30ed7a6e81dc9d4e3832870ac4",
        "type": "github"
      },
      "original": {
        "owner": "mitchmindtree",
        "repo": "tidalcycles.nix",
        "type": "github"
      }
    },
    "tidal-src": {
      "flake": false,
      "locked": {
        "lastModified": 1712519522,
        "narHash": "sha256-LbvxQmVxHElidCgvt+w0g1k+QQbNLebK46vtRCgsLeQ=",
        "owner": "tidalcycles",
        "repo": "tidal",
        "rev": "88f09edf6bef2228d5f530dea872b08a9d803066",
        "type": "github"
      },
      "original": {
        "owner": "tidalcycles",
        "ref": "v1.9.5",
        "repo": "tidal",
        "type": "github"
      }
    },
    "vim-tidal-src": {
      "flake": false,
      "locked": {
        "lastModified": 1685703852,
        "narHash": "sha256-8gyk17YLeKpLpz3LRtxiwbpsIbZka9bb63nK5/9IUoA=",
        "owner": "tidalcycles",
        "repo": "vim-tidal",
        "rev": "e440fe5bdfe07f805e21e6872099685d38e8b761",
        "type": "github"
      },
      "original": {
        "owner": "tidalcycles",
        "repo": "vim-tidal",
        "type": "github"
      }
    },
    "vowel-src": {
      "flake": false,
      "locked": {
        "lastModified": 1641306144,
        "narHash": "sha256-zfF6cvAGDNYWYsE8dOIo38b+dIymd17Pexg0HiPFbxM=",
        "owner": "supercollider-quarks",
        "repo": "vowel",
        "rev": "ab59caa870201ecf2604b3efdd2196e21a8b5446",
        "type": "github"
      },
      "original": {
        "owner": "supercollider-quarks",
        "repo": "vowel",
        "type": "github"
      }
    }
  },
  "root": "root",
  "version": 7
}
